
Microsoft Visual Studio Solution File, Format Version 12.00
# Visual Studio Version 17
VisualStudioVersion = 17.9.34902.65
MinimumVisualStudioVersion = 10.0.40219.1
Project("{FAE04EC0-301F-11D3-BF4B-00C04F79EFBC}") = "test_skrin", "test_skrin\test_skrin.csproj", "{5E71923D-8EC2-40A6-BAA1-F72241FAE371}"
EndProject
Global
	GlobalSection(SolutionConfigurationPlatforms) = preSolution
		Debug|Any CPU = Debug|Any CPU
		Release|Any CPU = Release|Any CPU
	EndGlobalSection
	GlobalSection(ProjectConfigurationPlatforms) = postSolution
		{5E71923D-8EC2-40A6-BAA1-F72241FAE371}.Debug|Any CPU.ActiveCfg = Debug|Any CPU
		{5E71923D-8EC2-40A6-BAA1-F72241FAE371}.Debug|Any CPU.Build.0 = Debug|Any CPU
		{5E71923D-8EC2-40A6-BAA1-F72241FAE371}.Release|Any CPU.ActiveCfg = Release|Any CPU
		{5E71923D-8EC2-40A6-BAA1-F72241FAE371}.Release|Any CPU.Build.0 = Release|Any CPU
	EndGlobalSection
	GlobalSection(SolutionProperties) = preSolution
		HideSolutionNode = FALSE
	EndGlobalSection
	GlobalSection(ExtensibilityGlobals) = postSolution
		SolutionGuid = {06750B6F-B0F3-4668-95BD-7DFCD69CD381}
	EndGlobalSection
EndGlobal
